{
  "name": "nodejs-demo",
  "version": "1.0.0",
  "lockfileVersion": 1,
  "requires": true,
  "dependencies": {
    "titbit": {
      "version": "3.4.5",
      "resolved": "https://registry.npmjs.org/titbit/-/titbit-3.4.5.tgz",
      "integrity": "sha512-ojYwJ3F8TjShPTL4qx9vuBrNCQ3YGrrdxcp1TH7lgl4DUxIu9V9B2z59vQPGiA42zAzzf/hwA1pkNfOKgfvQaw=="
    }
  }
}
